
Microsoft Visual Studio Solution File, Format Version 12.00
# Visual Studio Version 16
VisualStudioVersion = 16.0.30413.136
MinimumVisualStudioVersion = 10.0.40219.1
Project("{FAE04EC0-301F-11D3-BF4B-00C04F79EFBC}") = "WPF-PortFolio", "WPF-PortFolio\WPF-PortFolio.csproj", "{8588FFA2-7E77-472B-A25D-910BF0DE34D5}"
EndProject
Project("{FAE04EC0-301F-11D3-BF4B-00C04F79EFBC}") = "LoginModule", "LoginModule\LoginModule.csproj", "{1A46CBE5-94F7-4906-A2E2-575998755DD0}"
EndProject
Project("{FAE04EC0-301F-11D3-BF4B-00C04F79EFBC}") = "WPF-Portfolio.Styles", "WPF-Portfolio.Styles\WPF-Portfolio.Styles.csproj", "{C1E65A5D-5EAB-410F-A50B-A4F124E23277}"
EndProject
Global
	GlobalSection(SolutionConfigurationPlatforms) = preSolution
		Debug|Any CPU = Debug|Any CPU
		Release|Any CPU = Release|Any CPU
	EndGlobalSection
	GlobalSection(ProjectConfigurationPlatforms) = postSolution
		{8588FFA2-7E77-472B-A25D-910BF0DE34D5}.Debug|Any CPU.ActiveCfg = Debug|Any CPU
		{8588FFA2-7E77-472B-A25D-910BF0DE34D5}.Debug|Any CPU.Build.0 = Debug|Any CPU
		{8588FFA2-7E77-472B-A25D-910BF0DE34D5}.Release|Any CPU.ActiveCfg = Release|Any CPU
		{8588FFA2-7E77-472B-A25D-910BF0DE34D5}.Release|Any CPU.Build.0 = Release|Any CPU
		{1A46CBE5-94F7-4906-A2E2-575998755DD0}.Debug|Any CPU.ActiveCfg = Debug|Any CPU
		{1A46CBE5-94F7-4906-A2E2-575998755DD0}.Debug|Any CPU.Build.0 = Debug|Any CPU
		{1A46CBE5-94F7-4906-A2E2-575998755DD0}.Release|Any CPU.ActiveCfg = Release|Any CPU
		{1A46CBE5-94F7-4906-A2E2-575998755DD0}.Release|Any CPU.Build.0 = Release|Any CPU
		{C1E65A5D-5EAB-410F-A50B-A4F124E23277}.Debug|Any CPU.ActiveCfg = Debug|Any CPU
		{C1E65A5D-5EAB-410F-A50B-A4F124E23277}.Debug|Any CPU.Build.0 = Debug|Any CPU
		{C1E65A5D-5EAB-410F-A50B-A4F124E23277}.Release|Any CPU.ActiveCfg = Release|Any CPU
		{C1E65A5D-5EAB-410F-A50B-A4F124E23277}.Release|Any CPU.Build.0 = Release|Any CPU
	EndGlobalSection
	GlobalSection(SolutionProperties) = preSolution
		HideSolutionNode = FALSE
	EndGlobalSection
	GlobalSection(ExtensibilityGlobals) = postSolution
		SolutionGuid = {958B2F03-7324-459C-AA61-18B49900F217}
	EndGlobalSection
EndGlobal
